
Microsoft Visual Studio Solution File, Format Version 12.00
# Visual Studio Version 17
VisualStudioVersion = 17.6.33829.357
MinimumVisualStudioVersion = 10.0.40219.1
Project("{FAE04EC0-301F-11D3-BF4B-00C04F79EFBC}") = "RepositoryPattern", "RepositoryPattern\RepositoryPattern.csproj", "{43393B9B-7D2E-4E2E-8F6F-24B722D3F615}"
EndProject
Global
	GlobalSection(SolutionConfigurationPlatforms) = preSolution
		Debug|Any CPU = Debug|Any CPU
		Release|Any CPU = Release|Any CPU
	EndGlobalSection
	GlobalSection(ProjectConfigurationPlatforms) = postSolution
		{43393B9B-7D2E-4E2E-8F6F-24B722D3F615}.Debug|Any CPU.ActiveCfg = Debug|Any CPU
		{43393B9B-7D2E-4E2E-8F6F-24B722D3F615}.Debug|Any CPU.Build.0 = Debug|Any CPU
		{43393B9B-7D2E-4E2E-8F6F-24B722D3F615}.Release|Any CPU.ActiveCfg = Release|Any CPU
		{43393B9B-7D2E-4E2E-8F6F-24B722D3F615}.Release|Any CPU.Build.0 = Release|Any CPU
	EndGlobalSection
	GlobalSection(SolutionProperties) = preSolution
		HideSolutionNode = FALSE
	EndGlobalSection
	GlobalSection(ExtensibilityGlobals) = postSolution
		SolutionGuid = {44DF5D9F-CBC5-43DD-923F-EB54ACD9CB60}
	EndGlobalSection
EndGlobal
